codeberg.org/emersion/go-scfg v0.1.0 h1:6dnGU0ZI4gX+O5rMjwhoaySItzHG710eXL5TIQKl+uM=
codeberg.org/emersion/go-scfg v0.1.0/go.mod h1:0nooW1ufBB4SlJEdTtiVN9Or+bnNM1icOkQ6Tbrq6O0=
github.com/dave/jennifer v1.7.1 h1:B4jJJDHelWcDhlRQxWeo0Npa/pYKBLrirAQoTN45txo=
github.com/dave/jennifer v1.7.1/go.mod h1:nXbxhEmQfOZhWml3D1cDK5M1FLnMSozpbFN/m3RmGZc=
github.com/davecgh/go-spew v1.1.1 h1:vj9j/u1bqnvCEfJOwUhtlOARqs3+rkHYY13jYWTU97c=
github.com/davecgh/go-spew v1.1.1/go.mod h1:J7Y8YcW2NihsgmVo/mv3lAwl/skON4iLHjSsI+c5H38=
github.com/delthas/go-libnp v0.2.0 h1:OVll7Z9CER0rYpgiglXN1QvuNtkyY5X9uzLqm+xDstA=
github.com/delthas/go-libnp v0.2.0/go.mod h1:LHUapIgbv1vBcZJU4cJRPkyslKhKe7GNRF38yUbl9QA=
github.com/delthas/go-localeinfo v0.2.0 h1:0K5F5GQ5p4ealZjuBs4eubHLOIL21/YWSxs557hHZ+M=
github.com/delthas/go-localeinfo v0.2.0/go.mod h1:sG54BxlyQgIskYURLrg7mvhoGBe0Qq12DNtYRALwNa4=
github.com/disintegration/imaging v1.6.2 h1:w1LecBlG2Lnp8B3jk5zSuNqd7b4DXhcjwek1ei82L+c=
github.com/disintegration/imaging v1.6.2/go.mod h1:44/5580QXChDfwIclfc/PCwrr44amcmDAg8hxG0Ewe4=
github.com/emersion/go-varlink v0.0.0-20251006073247-e7ad9f7950c7 h1:GtfymsmxgcEdOuYLm5CR6VS5pTEXfUKkQDp/wRvvyA8=
github.com/emersion/go-varlink v0.0.0-20251006073247-e7ad9f7950c7/go.mod h1:0/V0Ta8VUzKRLXUtyZS49soMI93Taqlm63wX5nx6YEo=
github.com/go-ole/go-ole v1.3.0 h1:Dt6ye7+vXGIKZ7Xtk4s6/xVdGDQynvom7xCFEdWr6uE=
github.com/go-ole/go-ole v1.3.0/go.mod h1:5LS6F96DhAwUc7C+1HLexzMXY1xGRSryjyPPKW6zv78=
github.com/godbus/dbus/v5 v5.1.0 h1:4KLkAxT3aOY8Li4FRJe/KvhoNFFxo0m6fNuFUO8QJUk=
github.com/godbus/dbus/v5 v5.1.0/go.mod h1:xhWf0FNVPg57R7Z0UbKHbJfkEywrmjJnf7w5xrFpKfA=
github.com/rockorager/go-uucode v1.2.0 h1:xwUIndxE+z1PIrWALT7unu4L8x27qMsC/5X3aonJo6o=
github.com/rockorager/go-uucode v1.2.0/go.mod h1:0BZXIGRvWIHt1ruBeViNGcuKyQ3+BRHQbgyXkqRCz38=
go.rockorager.dev/vaxis v0.17.1 h1:GE71riV9xp2rFDNqUDHU8JyoSOYHaC5G6zKte17oWbA=
go.rockorager.dev/vaxis v0.17.1/go.mod h1:5VpvRiT7INHD7fpN3G/z6c7A/tGwcIMaSyHdUwphKbI=
golang.org/x/image v0.0.0-20191009234506-e7c1f5e7dbb8/go.mod h1:FeLwcggjj3mMvU+oOTbSwawSJRM1uh48EjtB4UJZlP0=
golang.org/x/image v0.24.0 h1:AN7zRgVsbvmTfNyqIbbOraYL8mSwcKncEj8ofjgzcMQ=
golang.org/x/image v0.24.0/go.mod h1:4b/ITuLfqYq1hqZcjofwctIhi7sZh2WaCjvsBNjjya8=
golang.org/x/net v0.35.0 h1:T5GQRQb2y08kTAByq9L4/bz8cipCdA8FbRTXewonqY8=
golang.org/x/net v0.35.0/go.mod h1:EglIi67kWsHKlRzzVMUD93VMSWGFOMSZgxFjparz1Qk=
golang.org/x/sys v0.1.0/go.mod h1:oPkhp1MJrh7nUepCBck5+mAzfO9JrbApNNgaTdGDITg=
golang.org/x/sys v0.30.0 h1:QjkSwP/36a20jFYWkSue1YwXzLmsV5Gfq7Eiy72C1uc=
golang.org/x/sys v0.30.0/go.mod h1:/VUhepiaJMQUp4+oa/7Zr1D23ma6VTLIYjOOTFZPUcA=
golang.org/x/term v0.29.0 h1:L6pJp37ocefwRRtYPKSWOWzOtWSxVajvz2ldH/xi3iU=
golang.org/x/term v0.29.0/go.mod h1:6bl4lRlvVuDgSf3179VpIxBF0o10JUpXWOnI7nErv7s=
golang.org/x/text v0.3.0/go.mod h1:NqM8EUOU14njkJ3fqMW+pc6Ldnwhi/IjpwHt7yyuwOQ=
golang.org/x/time v0.10.0 h1:3usCWA8tQn0L8+hFJQNgzpWbd89begxN66o1Ojdn5L4=
golang.org/x/time v0.10.0/go.mod h1:3BpzKBy/shNhVucY/MWOyx10tF3SFh9QdLuxbVysPQM=
mvdan.cc/xurls/v2 v2.5.0 h1:lyBNOm8Wo71UknhUs4QTFUNNMyxy2JEIaKKo0RWOh+8=
mvdan.cc/xurls/v2 v2.5.0/go.mod h1:yQgaGQ1rFtJUzkmKiHYSSfuQxqfYmd//X6PxvholpeE=
